
Microsoft Visual Studio Solution File, Format Version 12.00
# Visual Studio Version 17
VisualStudioVersion = 17.0.31903.59
MinimumVisualStudioVersion = 10.0.40219.1
Project("{2150E333-8FDC-42A3-9474-1A3956D46DE8}") = "Application", "Application", "{02EA681E-C7D8-13C7-8484-4AC65E1B71E8}"
EndProject
Project("{2150E333-8FDC-42A3-9474-1A3956D46DE8}") = "Domain", "Domain", "{369CB01D-A1A7-72D2-AABC-3F0945D148A2}"
EndProject
Project("{2150E333-8FDC-42A3-9474-1A3956D46DE8}") = "Infrastructure", "Infrastructure", "{7DC331D0-3EC4-40A6-69FB-1CBEB2E0D1EA}"
EndProject
Project("{2150E333-8FDC-42A3-9474-1A3956D46DE8}") = "Presentaion", "Presentaion", "{643747C7-0307-8931-84D8-A7D1915E22E5}"
EndProject
Project("{2150E333-8FDC-42A3-9474-1A3956D46DE8}") = "Test", "Test", "{5835D766-9847-1D08-5E95-5A99FD0F495D}"
EndProject
Project("{FAE04EC0-301F-11D3-BF4B-00C04F79EFBC}") = "MOJ.ProductManagement.Application", "MOJ.ProductManagement.Application\MOJ.ProductManagement.Application.csproj", "{1439E310-8109-4248-ADC8-89BCE1939A38}"
EndProject
Project("{FAE04EC0-301F-11D3-BF4B-00C04F79EFBC}") = "MOJ.ProductManagement.Domain", "MOJ.ProductManagement.Domain\MOJ.ProductManagement.Domain.csproj", "{F51926E4-60D0-484E-9389-BFD060996DF3}"
EndProject
Project("{FAE04EC0-301F-11D3-BF4B-00C04F79EFBC}") = "MOJ.ProductManagement.Infrastructure", "MOJ.ProductManagement.Infrastructure\MOJ.ProductManagement.Infrastructure.csproj", "{D4B55845-3D8D-4F83-84E1-3657F95E51A8}"
EndProject
Project("{FAE04EC0-301F-11D3-BF4B-00C04F79EFBC}") = "MOJ.ProductManagement.Test", "MOJ.ProductManagement.Test\MOJ.ProductManagement.Test.csproj", "{33A6877F-4DB2-4042-8612-4BD573C8BB8F}"
EndProject
Project("{54A90642-561A-4BB1-A94E-469ADEE60C69}") = "MOJ.ProductManagement.Web.Client.Angular", "MOJ.ProductManagement.Web.Client.Angular\MOJ.ProductManagement.Web.Client.Angular.esproj", "{4B1B559B-55E1-18E5-AF42-B614DFFCDE13}"
EndProject
Project("{2150E333-8FDC-42A3-9474-1A3956D46DE8}") = "Solution Items", "Solution Items", "{8EC462FD-D22E-90A8-E5CE-7E832BA40C5D}"
	ProjectSection(SolutionItems) = preProject
		.gitIgnore = .gitIgnore
	EndProjectSection
EndProject
Project("{FAE04EC0-301F-11D3-BF4B-00C04F79EFBC}") = "MOJ.ProductManagement.WebApi", "MOJ.ProductManagement.WebApi\MOJ.ProductManagement.WebApi.csproj", "{B41BA7A6-A7D2-4602-BBFC-D5FE8D5830F1}"
EndProject
Global
	GlobalSection(SolutionConfigurationPlatforms) = preSolution
		Debug|Any CPU = Debug|Any CPU
		Release|Any CPU = Release|Any CPU
	EndGlobalSection
	GlobalSection(ProjectConfigurationPlatforms) = postSolution
		{1439E310-8109-4248-ADC8-89BCE1939A38}.Debug|Any CPU.ActiveCfg = Debug|Any CPU
		{1439E310-8109-4248-ADC8-89BCE1939A38}.Debug|Any CPU.Build.0 = Debug|Any CPU
		{1439E310-8109-4248-ADC8-89BCE1939A38}.Release|Any CPU.ActiveCfg = Release|Any CPU
		{1439E310-8109-4248-ADC8-89BCE1939A38}.Release|Any CPU.Build.0 = Release|Any CPU
		{F51926E4-60D0-484E-9389-BFD060996DF3}.Debug|Any CPU.ActiveCfg = Debug|Any CPU
		{F51926E4-60D0-484E-9389-BFD060996DF3}.Debug|Any CPU.Build.0 = Debug|Any CPU
		{F51926E4-60D0-484E-9389-BFD060996DF3}.Release|Any CPU.ActiveCfg = Release|Any CPU
		{F51926E4-60D0-484E-9389-BFD060996DF3}.Release|Any CPU.Build.0 = Release|Any CPU
		{D4B55845-3D8D-4F83-84E1-3657F95E51A8}.Debug|Any CPU.ActiveCfg = Debug|Any CPU
		{D4B55845-3D8D-4F83-84E1-3657F95E51A8}.Debug|Any CPU.Build.0 = Debug|Any CPU
		{D4B55845-3D8D-4F83-84E1-3657F95E51A8}.Release|Any CPU.ActiveCfg = Release|Any CPU
		{D4B55845-3D8D-4F83-84E1-3657F95E51A8}.Release|Any CPU.Build.0 = Release|Any CPU
		{33A6877F-4DB2-4042-8612-4BD573C8BB8F}.Debug|Any CPU.ActiveCfg = Debug|Any CPU
		{33A6877F-4DB2-4042-8612-4BD573C8BB8F}.Debug|Any CPU.Build.0 = Debug|Any CPU
		{33A6877F-4DB2-4042-8612-4BD573C8BB8F}.Release|Any CPU.ActiveCfg = Release|Any CPU
		{33A6877F-4DB2-4042-8612-4BD573C8BB8F}.Release|Any CPU.Build.0 = Release|Any CPU
		{4B1B559B-55E1-18E5-AF42-B614DFFCDE13}.Debug|Any CPU.ActiveCfg = Debug|Any CPU
		{4B1B559B-55E1-18E5-AF42-B614DFFCDE13}.Debug|Any CPU.Build.0 = Debug|Any CPU
		{4B1B559B-55E1-18E5-AF42-B614DFFCDE13}.Debug|Any CPU.Deploy.0 = Debug|Any CPU
		{4B1B559B-55E1-18E5-AF42-B614DFFCDE13}.Release|Any CPU.ActiveCfg = Release|Any CPU
		{4B1B559B-55E1-18E5-AF42-B614DFFCDE13}.Release|Any CPU.Build.0 = Release|Any CPU
		{4B1B559B-55E1-18E5-AF42-B614DFFCDE13}.Release|Any CPU.Deploy.0 = Release|Any CPU
		{B41BA7A6-A7D2-4602-BBFC-D5FE8D5830F1}.Debug|Any CPU.ActiveCfg = Debug|Any CPU
		{B41BA7A6-A7D2-4602-BBFC-D5FE8D5830F1}.Debug|Any CPU.Build.0 = Debug|Any CPU
		{B41BA7A6-A7D2-4602-BBFC-D5FE8D5830F1}.Release|Any CPU.ActiveCfg = Release|Any CPU
		{B41BA7A6-A7D2-4602-BBFC-D5FE8D5830F1}.Release|Any CPU.Build.0 = Release|Any CPU
	EndGlobalSection
	GlobalSection(SolutionProperties) = preSolution
		HideSolutionNode = FALSE
	EndGlobalSection
	GlobalSection(NestedProjects) = preSolution
		{1439E310-8109-4248-ADC8-89BCE1939A38} = {02EA681E-C7D8-13C7-8484-4AC65E1B71E8}
		{F51926E4-60D0-484E-9389-BFD060996DF3} = {369CB01D-A1A7-72D2-AABC-3F0945D148A2}
		{D4B55845-3D8D-4F83-84E1-3657F95E51A8} = {7DC331D0-3EC4-40A6-69FB-1CBEB2E0D1EA}
		{33A6877F-4DB2-4042-8612-4BD573C8BB8F} = {5835D766-9847-1D08-5E95-5A99FD0F495D}
		{4B1B559B-55E1-18E5-AF42-B614DFFCDE13} = {643747C7-0307-8931-84D8-A7D1915E22E5}
		{B41BA7A6-A7D2-4602-BBFC-D5FE8D5830F1} = {643747C7-0307-8931-84D8-A7D1915E22E5}
	EndGlobalSection
	GlobalSection(ExtensibilityGlobals) = postSolution
		SolutionGuid = {37BA1DBC-52EF-4D57-B56C-C7172B99983D}
	EndGlobalSection
EndGlobal
